
Microsoft Visual Studio Solution File, Format Version 12.00
# Visual Studio Version 17
VisualStudioVersion = 17.10.35013.160
MinimumVisualStudioVersion = 10.0.40219.1
Project("{FAE04EC0-301F-11D3-BF4B-00C04F79EFBC}") = "BALK Ticaret", "BALK Ticaret\BALK Ticaret.csproj", "{86861AD2-ACFE-4F7F-86CE-5382D99B6E21}"
EndProject
Project("{FAE04EC0-301F-11D3-BF4B-00C04F79EFBC}") = "DAL", "DAL\DAL.csproj", "{39A7EEA9-98EE-4E51-BC0E-FA14A9737427}"
EndProject
Project("{FAE04EC0-301F-11D3-BF4B-00C04F79EFBC}") = "BLL", "BLL\BLL.csproj", "{3CFA704A-6968-49FA-9FCF-6FE2D315B5F2}"
EndProject
Global
	GlobalSection(SolutionConfigurationPlatforms) = preSolution
		Debug|Any CPU = Debug|Any CPU
		Release|Any CPU = Release|Any CPU
	EndGlobalSection
	GlobalSection(ProjectConfigurationPlatforms) = postSolution
		{86861AD2-ACFE-4F7F-86CE-5382D99B6E21}.Debug|Any CPU.ActiveCfg = Debug|Any CPU
		{86861AD2-ACFE-4F7F-86CE-5382D99B6E21}.Debug|Any CPU.Build.0 = Debug|Any CPU
		{86861AD2-ACFE-4F7F-86CE-5382D99B6E21}.Release|Any CPU.ActiveCfg = Release|Any CPU
		{86861AD2-ACFE-4F7F-86CE-5382D99B6E21}.Release|Any CPU.Build.0 = Release|Any CPU
		{39A7EEA9-98EE-4E51-BC0E-FA14A9737427}.Debug|Any CPU.ActiveCfg = Debug|Any CPU
		{39A7EEA9-98EE-4E51-BC0E-FA14A9737427}.Debug|Any CPU.Build.0 = Debug|Any CPU
		{39A7EEA9-98EE-4E51-BC0E-FA14A9737427}.Release|Any CPU.ActiveCfg = Release|Any CPU
		{39A7EEA9-98EE-4E51-BC0E-FA14A9737427}.Release|Any CPU.Build.0 = Release|Any CPU
		{3CFA704A-6968-49FA-9FCF-6FE2D315B5F2}.Debug|Any CPU.ActiveCfg = Debug|Any CPU
		{3CFA704A-6968-49FA-9FCF-6FE2D315B5F2}.Debug|Any CPU.Build.0 = Debug|Any CPU
		{3CFA704A-6968-49FA-9FCF-6FE2D315B5F2}.Release|Any CPU.ActiveCfg = Release|Any CPU
		{3CFA704A-6968-49FA-9FCF-6FE2D315B5F2}.Release|Any CPU.Build.0 = Release|Any CPU
	EndGlobalSection
	GlobalSection(SolutionProperties) = preSolution
		HideSolutionNode = FALSE
	EndGlobalSection
	GlobalSection(ExtensibilityGlobals) = postSolution
		SolutionGuid = {FE063AEA-D8F3-40C4-AEF4-D8DDF2029F0A}
	EndGlobalSection
EndGlobal
